
Microsoft Visual Studio Solution File, Format Version 12.00
# Visual Studio Version 17
VisualStudioVersion = 17.5.33516.290
MinimumVisualStudioVersion = 10.0.40219.1
Project("{9A19103F-16F7-4668-BE54-9A1E7A4F7556}") = "ProductionLine", "ProductionLine\ProductionLine.csproj", "{323BF92A-8DBB-4E2C-9074-E28E6D9722F8}"
EndProject
Project("{FAE04EC0-301F-11D3-BF4B-00C04F79EFBC}") = "ProductionLineTests", "ProductionLineTests\ProductionLineTests.csproj", "{A49E8F02-EA23-4134-8C06-A39630504E92}"
EndProject
Global
	GlobalSection(SolutionConfigurationPlatforms) = preSolution
		Debug|Any CPU = Debug|Any CPU
		Release|Any CPU = Release|Any CPU
	EndGlobalSection
	GlobalSection(ProjectConfigurationPlatforms) = postSolution
		{323BF92A-8DBB-4E2C-9074-E28E6D9722F8}.Debug|Any CPU.ActiveCfg = Debug|Any CPU
		{323BF92A-8DBB-4E2C-9074-E28E6D9722F8}.Debug|Any CPU.Build.0 = Debug|Any CPU
		{323BF92A-8DBB-4E2C-9074-E28E6D9722F8}.Release|Any CPU.ActiveCfg = Release|Any CPU
		{323BF92A-8DBB-4E2C-9074-E28E6D9722F8}.Release|Any CPU.Build.0 = Release|Any CPU
		{A49E8F02-EA23-4134-8C06-A39630504E92}.Debug|Any CPU.ActiveCfg = Debug|Any CPU
		{A49E8F02-EA23-4134-8C06-A39630504E92}.Debug|Any CPU.Build.0 = Debug|Any CPU
		{A49E8F02-EA23-4134-8C06-A39630504E92}.Release|Any CPU.ActiveCfg = Release|Any CPU
		{A49E8F02-EA23-4134-8C06-A39630504E92}.Release|Any CPU.Build.0 = Release|Any CPU
	EndGlobalSection
	GlobalSection(SolutionProperties) = preSolution
		HideSolutionNode = FALSE
	EndGlobalSection
	GlobalSection(ExtensibilityGlobals) = postSolution
		SolutionGuid = {EFADA468-9B97-49C0-B7B9-CE6AD2A69312}
	EndGlobalSection
EndGlobal
